
Microsoft Visual Studio Solution File, Format Version 12.00
# Visual Studio 15
VisualStudioVersion = 15.0.27703.2042
MinimumVisualStudioVersion = 10.0.40219.1
Project("{FAE04EC0-301F-11D3-BF4B-00C04F79EFBC}") = "ActionDelegate", "Delegate\ActionDelegate.csproj", "{1F662BA8-6E13-44CC-AFA4-4D9569DF0977}"
EndProject
Project("{FAE04EC0-301F-11D3-BF4B-00C04F79EFBC}") = "DelegateAndEvent", "DelegateAndEvent\DelegateAndEvent.csproj", "{9FB04D6F-6113-46BD-A596-670FB808373E}"
EndProject
Project("{FAE04EC0-301F-11D3-BF4B-00C04F79EFBC}") = "STMPSendMail", "STMPSendMail\STMPSendMail.csproj", "{F10AB7A3-848F-4A02-AFE7-1ABB9A62524B}"
EndProject
Project("{FAE04EC0-301F-11D3-BF4B-00C04F79EFBC}") = "VirtualAbstractInterface", "VirtualAbstractInterface\VirtualAbstractInterface.csproj", "{20D18E7B-FFCD-4A5B-BB0F-D444342E71B9}"
EndProject
Global
	GlobalSection(SolutionConfigurationPlatforms) = preSolution
		Debug|Any CPU = Debug|Any CPU
		Release|Any CPU = Release|Any CPU
	EndGlobalSection
	GlobalSection(ProjectConfigurationPlatforms) = postSolution
		{1F662BA8-6E13-44CC-AFA4-4D9569DF0977}.Debug|Any CPU.ActiveCfg = Debug|Any CPU
		{1F662BA8-6E13-44CC-AFA4-4D9569DF0977}.Debug|Any CPU.Build.0 = Debug|Any CPU
		{1F662BA8-6E13-44CC-AFA4-4D9569DF0977}.Release|Any CPU.ActiveCfg = Release|Any CPU
		{1F662BA8-6E13-44CC-AFA4-4D9569DF0977}.Release|Any CPU.Build.0 = Release|Any CPU
		{9FB04D6F-6113-46BD-A596-670FB808373E}.Debug|Any CPU.ActiveCfg = Debug|Any CPU
		{9FB04D6F-6113-46BD-A596-670FB808373E}.Debug|Any CPU.Build.0 = Debug|Any CPU
		{9FB04D6F-6113-46BD-A596-670FB808373E}.Release|Any CPU.ActiveCfg = Release|Any CPU
		{9FB04D6F-6113-46BD-A596-670FB808373E}.Release|Any CPU.Build.0 = Release|Any CPU
		{F10AB7A3-848F-4A02-AFE7-1ABB9A62524B}.Debug|Any CPU.ActiveCfg = Debug|Any CPU
		{F10AB7A3-848F-4A02-AFE7-1ABB9A62524B}.Debug|Any CPU.Build.0 = Debug|Any CPU
		{F10AB7A3-848F-4A02-AFE7-1ABB9A62524B}.Release|Any CPU.ActiveCfg = Release|Any CPU
		{F10AB7A3-848F-4A02-AFE7-1ABB9A62524B}.Release|Any CPU.Build.0 = Release|Any CPU
		{20D18E7B-FFCD-4A5B-BB0F-D444342E71B9}.Debug|Any CPU.ActiveCfg = Debug|Any CPU
		{20D18E7B-FFCD-4A5B-BB0F-D444342E71B9}.Debug|Any CPU.Build.0 = Debug|Any CPU
		{20D18E7B-FFCD-4A5B-BB0F-D444342E71B9}.Release|Any CPU.ActiveCfg = Release|Any CPU
		{20D18E7B-FFCD-4A5B-BB0F-D444342E71B9}.Release|Any CPU.Build.0 = Release|Any CPU
	EndGlobalSection
	GlobalSection(SolutionProperties) = preSolution
		HideSolutionNode = FALSE
	EndGlobalSection
	GlobalSection(ExtensibilityGlobals) = postSolution
		SolutionGuid = {A4199BFC-7377-4D7B-BADF-F370E52BFAC0}
	EndGlobalSection
EndGlobal
